
Microsoft Visual Studio Solution File, Format Version 12.00
# Visual Studio Version 17
VisualStudioVersion = 17.8.34511.84
MinimumVisualStudioVersion = 10.0.40219.1
Project("{FAE04EC0-301F-11D3-BF4B-00C04F79EFBC}") = "ConsoleApp4", "ConsoleApp4\ConsoleApp4.csproj", "{557F31FE-4711-480F-B45E-9A0E011A563C}"
EndProject
Global
	GlobalSection(SolutionConfigurationPlatforms) = preSolution
		Debug|Any CPU = Debug|Any CPU
		Release|Any CPU = Release|Any CPU
	EndGlobalSection
	GlobalSection(ProjectConfigurationPlatforms) = postSolution
		{557F31FE-4711-480F-B45E-9A0E011A563C}.Debug|Any CPU.ActiveCfg = Debug|Any CPU
		{557F31FE-4711-480F-B45E-9A0E011A563C}.Debug|Any CPU.Build.0 = Debug|Any CPU
		{557F31FE-4711-480F-B45E-9A0E011A563C}.Release|Any CPU.ActiveCfg = Release|Any CPU
		{557F31FE-4711-480F-B45E-9A0E011A563C}.Release|Any CPU.Build.0 = Release|Any CPU
	EndGlobalSection
	GlobalSection(SolutionProperties) = preSolution
		HideSolutionNode = FALSE
	EndGlobalSection
	GlobalSection(ExtensibilityGlobals) = postSolution
		SolutionGuid = {5ED95701-C712-4C96-A606-C9DC257A8E19}
	EndGlobalSection
EndGlobal
